Microsoft Visual Studio Solution File, Format Version 11.00
# Visual Studio 2008

Project("{F1A7A13A-BDC6-75DD-2BC5-9B3977022318}") = "IOS Tests", "Assembly-CSharp.csproj", "{2B271B5B-A732-29EA-148C-E21F35021A28}"
EndProject
Project("{F1A7A13A-BDC6-75DD-2BC5-9B3977022318}") = "IOS Tests", "Assembly-CSharp-Editor.csproj", "{98CB7EF5-DDD6-F5AE-31EB-72E18A86E02F}"
EndProject
Global
	GlobalSection(SolutionConfigurationPlatforms) = preSolution
		Debug|Any CPU = Debug|Any CPU
		Release|Any CPU = Release|Any CPU
	EndGlobalSection
	GlobalSection(ProjectConfigurationPlatforms) = postSolution
		{2B271B5B-A732-29EA-148C-E21F35021A28}.Debug|Any CPU.ActiveCfg = Debug|Any CPU
		{2B271B5B-A732-29EA-148C-E21F35021A28}.Debug|Any CPU.Build.0 = Debug|Any CPU
		{2B271B5B-A732-29EA-148C-E21F35021A28}.Release|Any CPU.ActiveCfg = Release|Any CPU
		{2B271B5B-A732-29EA-148C-E21F35021A28}.Release|Any CPU.Build.0 = Release|Any CPU
		{98CB7EF5-DDD6-F5AE-31EB-72E18A86E02F}.Debug|Any CPU.ActiveCfg = Debug|Any CPU
		{98CB7EF5-DDD6-F5AE-31EB-72E18A86E02F}.Debug|Any CPU.Build.0 = Debug|Any CPU
		{98CB7EF5-DDD6-F5AE-31EB-72E18A86E02F}.Release|Any CPU.ActiveCfg = Release|Any CPU
		{98CB7EF5-DDD6-F5AE-31EB-72E18A86E02F}.Release|Any CPU.Build.0 = Release|Any CPU
	EndGlobalSection
	GlobalSection(SolutionProperties) = preSolution
		HideSolutionNode = FALSE
	EndGlobalSection
	GlobalSection(MonoDevelopProperties) = preSolution
		StartupItem = Assembly-CSharp.csproj
	EndGlobalSection
EndGlobal
