
Microsoft Visual Studio Solution File, Format Version 12.00
# Visual Studio 2015
Project("{FAE04EC0-301F-11D3-BF4B-00C04F79EFBC}") = "Optical Page Book.CSharp", "Optical Page Book.CSharp.csproj", "{80C9D134-BB7A-003D-9A08-031C3C1D8639}"
EndProject
Project("{FAE04EC0-301F-11D3-BF4B-00C04F79EFBC}") = "Optical Page Book.CSharp.Editor", "Optical Page Book.CSharp.Editor.csproj", "{B3118B57-99B3-1A0B-1791-3B66DA08D9FC}"
EndProject
Global
	GlobalSection(SolutionConfigurationPlatforms) = preSolution
		Debug|Any CPU = Debug|Any CPU
		Release|Any CPU = Release|Any CPU
	EndGlobalSection
	GlobalSection(ProjectConfigurationPlatforms) = postSolution
		{80C9D134-BB7A-003D-9A08-031C3C1D8639}.Debug|Any CPU.ActiveCfg = Debug|Any CPU
		{80C9D134-BB7A-003D-9A08-031C3C1D8639}.Debug|Any CPU.Build.0 = Debug|Any CPU
		{80C9D134-BB7A-003D-9A08-031C3C1D8639}.Release|Any CPU.ActiveCfg = Release|Any CPU
		{80C9D134-BB7A-003D-9A08-031C3C1D8639}.Release|Any CPU.Build.0 = Release|Any CPU
		{B3118B57-99B3-1A0B-1791-3B66DA08D9FC}.Debug|Any CPU.ActiveCfg = Debug|Any CPU
		{B3118B57-99B3-1A0B-1791-3B66DA08D9FC}.Debug|Any CPU.Build.0 = Debug|Any CPU
		{B3118B57-99B3-1A0B-1791-3B66DA08D9FC}.Release|Any CPU.ActiveCfg = Release|Any CPU
		{B3118B57-99B3-1A0B-1791-3B66DA08D9FC}.Release|Any CPU.Build.0 = Release|Any CPU
	EndGlobalSection
	GlobalSection(SolutionProperties) = preSolution
		HideSolutionNode = FALSE
	EndGlobalSection
EndGlobal
